
Microsoft Visual Studio Solution File, Format Version 12.00
# Visual Studio Version 16
VisualStudioVersion = 16.0.29209.62
MinimumVisualStudioVersion = 10.0.40219.1
Project("{FAE04EC0-301F-11D3-BF4B-00C04F79EFBC}") = "CZ3005_Lab3", "CZ3005_Lab3.csproj", "{F52892E9-18EB-4F0C-BBDE-9E37F20FADC8}"
EndProject
Global
	GlobalSection(SolutionConfigurationPlatforms) = preSolution
		Debug|Any CPU = Debug|Any CPU
		Release|Any CPU = Release|Any CPU
	EndGlobalSection
	GlobalSection(ProjectConfigurationPlatforms) = postSolution
		{F52892E9-18EB-4F0C-BBDE-9E37F20FADC8}.Debug|Any CPU.ActiveCfg = Debug|Any CPU
		{F52892E9-18EB-4F0C-BBDE-9E37F20FADC8}.Debug|Any CPU.Build.0 = Debug|Any CPU
		{F52892E9-18EB-4F0C-BBDE-9E37F20FADC8}.Release|Any CPU.ActiveCfg = Release|Any CPU
		{F52892E9-18EB-4F0C-BBDE-9E37F20FADC8}.Release|Any CPU.Build.0 = Release|Any CPU
	EndGlobalSection
	GlobalSection(SolutionProperties) = preSolution
		HideSolutionNode = FALSE
	EndGlobalSection
	GlobalSection(ExtensibilityGlobals) = postSolution
		SolutionGuid = {A1022E24-DAC1-4D68-AFD7-89C1FFB1F8DA}
	EndGlobalSection
EndGlobal
